{
  "name": "personal_portfolio",
  "lockfileVersion": 3,
  "requires": true,
  "packages": {
    "": {
      "dependencies": {
        "swiper": "^8.3.2"
      }
    },
    "node_modules/dom7": {
      "version": "4.0.6",
      "resolved": "https://registry.npmjs.org/dom7/-/dom7-4.0.6.tgz",
      "integrity": "sha512-emjdpPLhpNubapLFdjNL9tP06Sr+GZkrIHEXLWvOGsytACUrkbeIdjO5g77m00BrHTznnlcNqgmn7pCN192TBA==",
      "dependencies": {
        "ssr-window": "^4.0.0"
      }
    },
    "node_modules/ssr-window": {
      "version": "4.0.2",
      "resolved": "https://registry.npmjs.org/ssr-window/-/ssr-window-4.0.2.tgz",
      "integrity": "sha512-ISv/Ch+ig7SOtw7G2+qkwfVASzazUnvlDTwypdLoPoySv+6MqlOV10VwPSE6EWkGjhW50lUmghPmpYZXMu/+AQ=="
    },
    "node_modules/swiper": {
      "version": "8.3.2",
      "resolved": "https://registry.npmjs.org/swiper/-/swiper-8.3.2.tgz",
      "integrity": "sha512-8wsC7ORYvVSnLUoxs2+xmfLrDPNjBVQXMCFbOlqtHeON6wtu/blOyySDr8TCBCdse1bdcIbn7m8xJNxVFL8o4Q==",
      "funding": [
        {
          "type": "patreon",
          "url": "https://www.patreon.com/swiperjs"
        },
        {
          "type": "open_collective",
          "url": "http://opencollective.com/swiper"
        }
      ],
      "hasInstallScript": true,
      "dependencies": {
        "dom7": "^4.0.4",
        "ssr-window": "^4.0.2"
      },
      "engines": {
        "node": ">= 4.7.0"
      }
    }
  }
}
